// !$*UTF8*$!
{
	archiveVersion = 1;
	classes = {
	};
	objectVersion = 56;
	objects = {

/* Begin PBXBuildFile section */
		287A793F2EB9969D006025EB /* NavigationButton.swift in Sources */ = {isa = PBXBuildFile; fileRef = 287A793E2EB9969D006025EB /* NavigationButton.swift */; };
		28B58C562EB7C88800A09A83 /* HomeView.swift in Sources */ = {isa = PBXBuildFile; fileRef = 28B58C552EB7C88800A09A83 /* HomeView.swift */; };
		28B58C582EB7CA4900A09A83 /* PackOpeningView.swift in Sources */ = {isa = PBXBuildFile; fileRef = 28B58C572EB7CA4800A09A83 /* PackOpeningView.swift */; };
		28C83D0A2EC16C6100026431 /* PackData.swift in Sources */ = {isa = PBXBuildFile; fileRef = 28C83D092EC16C6000026431 /* PackData.swift */; };
		6C364CB72ECFC3B60022EFB4 /* SettingsView.swift in Sources */ = {isa = PBXBuildFile; fileRef = 6C364CB62ECFC3B60022EFB4 /* SettingsView.swift */; };
		6C364CBB2ED1240D0022EFB4 /* CardViewModel.swift in Sources */ = {isa = PBXBuildFile; fileRef = 6C364CBA2ED1240D0022EFB4 /* CardViewModel.swift */; };
		6C364CBD2ED124570022EFB4 /* Theme.swift in Sources */ = {isa = PBXBuildFile; fileRef = 6C364CBC2ED124570022EFB4 /* Theme.swift */; };
		6C364D1D2ED218820022EFB4 /* HomeViewModel.swift in Sources */ = {isa = PBXBuildFile; fileRef = 6C364D1C2ED218820022EFB4 /* HomeViewModel.swift */; };
		6C50DC002EBCDA44001BD2AE /* SignUp.swift in Sources */ = {isa = PBXBuildFile; fileRef = 6C50DBFF2EBCDA28001BD2AE /* SignUp.swift */; };
		6C50DC022EBCDB72001BD2AE /* LoginView.swift in Sources */ = {isa = PBXBuildFile; fileRef = 6C50DC012EBCDB64001BD2AE /* LoginView.swift */; };
		6C50DC292EBE419C001BD2AE /* AuthManager.swift in Sources */ = {isa = PBXBuildFile; fileRef = 6C50DC282EBE419C001BD2AE /* AuthManager.swift */; };
		6CC3B8902EB7CE5E00892B3C /* GoogleService-Info.plist in Resources */ = {isa = PBXBuildFile; fileRef = 6CC3B88F2EB7CE5E00892B3C /* GoogleService-Info.plist */; };
		6CC3B8962EB7D00E00892B3C /* FirebaseAuth in Frameworks */ = {isa = PBXBuildFile; productRef = 6CC3B8952EB7D00E00892B3C /* FirebaseAuth */; };
		6CC3B8982EB7D01600892B3C /* FirebaseFirestore in Frameworks */ = {isa = PBXBuildFile; productRef = 6CC3B8972EB7D01600892B3C /* FirebaseFirestore */; };
		B41D40742EB7B0BD008827BC /* prjTradingCardApp.swift in Sources */ = {isa = PBXBuildFile; fileRef = B41D40732EB7B0BD008827BC /* prjTradingCardApp.swift */; };
		B41D40762EB7B0BE008827BC /* ContentView.swift in Sources */ = {isa = PBXBuildFile; fileRef = B41D40752EB7B0BE008827BC /* ContentView.swift */; };
		B41D40782EB7B0C0008827BC /* Assets.xcassets in Resources */ = {isa = PBXBuildFile; fileRef = B41D40772EB7B0C0008827BC /* Assets.xcassets */; };
		B41D407B2EB7B0C0008827BC /* Preview Assets.xcassets in Resources */ = {isa = PBXBuildFile; fileRef = B41D407A2EB7B0C0008827BC /* Preview Assets.xcassets */; };
		B42C752C2ECCB0840048A37C /* CardView.swift in Sources */ = {isa = PBXBuildFile; fileRef = B42C752B2ECCB0840048A37C /* CardView.swift */; };
		B4E868572EB7C1B200ABC8D0 /* User.swift in Sources */ = {isa = PBXBuildFile; fileRef = B4E868562EB7C1B200ABC8D0 /* User.swift */; };
		B4E868592EB7C22E00ABC8D0 /* Card.swift in Sources */ = {isa = PBXBuildFile; fileRef = B4E868582EB7C22E00ABC8D0 /* Card.swift */; };
		B4E8685B2EB7C49000ABC8D0 /* UserCollection.swift in Sources */ = {isa = PBXBuildFile; fileRef = B4E8685A2EB7C49000ABC8D0 /* UserCollection.swift */; };
		B4E8685D2EB7C4CC00ABC8D0 /* UserNotification.swift in Sources */ = {isa = PBXBuildFile; fileRef = B4E8685C2EB7C4CC00ABC8D0 /* UserNotification.swift */; };
/* End PBXBuildFile section */

/* Begin PBXFileReference section */
		287A793E2EB9969D006025EB /* NavigationButton.swift */ = {isa = PBXFileReference; lastKnownFileType = sourcecode.swift; path = NavigationButton.swift; sourceTree = "<group>"; };
		28B58C552EB7C88800A09A83 /* HomeView.swift */ = {isa = PBXFileReference; lastKnownFileType = sourcecode.swift; path = HomeView.swift; sourceTree = "<group>"; };
		28B58C572EB7CA4800A09A83 /* PackOpeningView.swift */ = {isa = PBXFileReference; lastKnownFileType = sourcecode.swift; path = PackOpeningView.swift; sourceTree = "<group>"; };
		28C83D092EC16C6000026431 /* PackData.swift */ = {isa = PBXFileReference; lastKnownFileType = sourcecode.swift; path = PackData.swift; sourceTree = "<group>"; };
		6C364CB62ECFC3B60022EFB4 /* SettingsView.swift */ = {isa = PBXFileReference; lastKnownFileType = sourcecode.swift; path = SettingsView.swift; sourceTree = "<group>"; };
		6C364CBA2ED1240D0022EFB4 /* CardViewModel.swift */ = {isa = PBXFileReference; lastKnownFileType = sourcecode.swift; path = CardViewModel.swift; sourceTree = "<group>"; };
		6C364CBC2ED124570022EFB4 /* Theme.swift */ = {isa = PBXFileReference; lastKnownFileType = sourcecode.swift; path = Theme.swift; sourceTree = "<group>"; };
		6C364D1C2ED218820022EFB4 /* HomeViewModel.swift */ = {isa = PBXFileReference; lastKnownFileType = sourcecode.swift; path = HomeViewModel.swift; sourceTree = "<group>"; };
		6C50DBFF2EBCDA28001BD2AE /* SignUp.swift */ = {isa = PBXFileReference; lastKnownFileType = sourcecode.swift; path = SignUp.swift; sourceTree = "<group>"; };
		6C50DC012EBCDB64001BD2AE /* LoginView.swift */ = {isa = PBXFileReference; lastKnownFileType = sourcecode.swift; path = LoginView.swift; sourceTree = "<group>"; };
		6C50DC282EBE419C001BD2AE /* AuthManager.swift */ = {isa = PBXFileReference; lastKnownFileType = sourcecode.swift; path = AuthManager.swift; sourceTree = "<group>"; };
		6CC3B88F2EB7CE5E00892B3C /* GoogleService-Info.plist */ = {isa = PBXFileReference; lastKnownFileType = text.plist.xml; path = "GoogleService-Info.plist"; sourceTree = "<group>"; };
		B41D40702EB7B0BD008827BC /* prjTradingCard.app */ = {isa = PBXFileReference; explicitFileType = wrapper.application; includeInIndex = 0; path = prjTradingCard.app; sourceTree = BUILT_PRODUCTS_DIR; };
		B41D40732EB7B0BD008827BC /* prjTradingCardApp.swift */ = {isa = PBXFileReference; lastKnownFileType = sourcecode.swift; path = prjTradingCardApp.swift; sourceTree = "<group>"; };
		B41D40752EB7B0BE008827BC /* ContentView.swift */ = {isa = PBXFileReference; lastKnownFileType = sourcecode.swift; path = ContentView.swift; sourceTree = "<group>"; };
		B41D40772EB7B0C0008827BC /* Assets.xcassets */ = {isa = PBXFileReference; lastKnownFileType = folder.assetcatalog; path = Assets.xcassets; sourceTree = "<group>"; };
		B41D407A2EB7B0C0008827BC /* Preview Assets.xcassets */ = {isa = PBXFileReference; lastKnownFileType = folder.assetcatalog; path = "Preview Assets.xcassets"; sourceTree = "<group>"; };
		B42C752B2ECCB0840048A37C /* CardView.swift */ = {isa = PBXFileReference; lastKnownFileType = sourcecode.swift; path = CardView.swift; sourceTree = "<group>"; };
		B4E868562EB7C1B200ABC8D0 /* User.swift */ = {isa = PBXFileReference; lastKnownFileType = sourcecode.swift; path = User.swift; sourceTree = "<group>"; };
		B4E868582EB7C22E00ABC8D0 /* Card.swift */ = {isa = PBXFileReference; lastKnownFileType = sourcecode.swift; path = Card.swift; sourceTree = "<group>"; };
		B4E8685A2EB7C49000ABC8D0 /* UserCollection.swift */ = {isa = PBXFileReference; lastKnownFileType = sourcecode.swift; path = UserCollection.swift; sourceTree = "<group>"; };
		B4E8685C2EB7C4CC00ABC8D0 /* UserNotification.swift */ = {isa = PBXFileReference; lastKnownFileType = sourcecode.swift; path = UserNotification.swift; sourceTree = "<group>"; };
/* End PBXFileReference section */

/* Begin PBXFrameworksBuildPhase section */
		B41D406D2EB7B0BD008827BC /* Frameworks */ = {
			isa = PBXFrameworksBuildPhase;
			buildActionMask = 2147483647;
			files = (
				6CC3B8962EB7D00E00892B3C /* FirebaseAuth in Frameworks */,
				6CC3B8982EB7D01600892B3C /* FirebaseFirestore in Frameworks */,
			);
			runOnlyForDeploymentPostprocessing = 0;
		};
/* End PBXFrameworksBuildPhase section */

/* Begin PBXGroup section */
		6CC3B8922EB7CFFB00892B3C /* Frameworks */ = {
			isa = PBXGroup;
			children = (
			);
			name = Frameworks;
			sourceTree = "<group>";
		};
		B41D40672EB7B0BD008827BC = {
			isa = PBXGroup;
			children = (
				B41D40722EB7B0BD008827BC /* prjTradingCard */,
				6CC3B8922EB7CFFB00892B3C /* Frameworks */,
				B41D40712EB7B0BD008827BC /* Products */,
			);
			sourceTree = "<group>";
		};
		B41D40712EB7B0BD008827BC /* Products */ = {
			isa = PBXGroup;
			children = (
				B41D40702EB7B0BD008827BC /* prjTradingCard.app */,
			);
			name = Products;
			sourceTree = "<group>";
		};
		B41D40722EB7B0BD008827BC /* prjTradingCard */ = {
			isa = PBXGroup;
			children = (
				B4E868542EB7B61600ABC8D0 /* view */,
				B4E868532EB7B60500ABC8D0 /* model */,
				B41D40732EB7B0BD008827BC /* prjTradingCardApp.swift */,
				B41D40772EB7B0C0008827BC /* Assets.xcassets */,
				B41D40792EB7B0C0008827BC /* Preview Content */,
				6CC3B88F2EB7CE5E00892B3C /* GoogleService-Info.plist */,
			);
			path = prjTradingCard;
			sourceTree = "<group>";
		};
		B41D40792EB7B0C0008827BC /* Preview Content */ = {
			isa = PBXGroup;
			children = (
				B41D407A2EB7B0C0008827BC /* Preview Assets.xcassets */,
			);
			path = "Preview Content";
			sourceTree = "<group>";
		};
		B4E868532EB7B60500ABC8D0 /* model */ = {
			isa = PBXGroup;
			children = (
				B4E868562EB7C1B200ABC8D0 /* User.swift */,
				B4E868582EB7C22E00ABC8D0 /* Card.swift */,
				B4E8685A2EB7C49000ABC8D0 /* UserCollection.swift */,
				B4E8685C2EB7C4CC00ABC8D0 /* UserNotification.swift */,
				28C83D092EC16C6000026431 /* PackData.swift */,
				6C364CBC2ED124570022EFB4 /* Theme.swift */,
			);
			path = model;
			sourceTree = "<group>";
		};
		B4E868542EB7B61600ABC8D0 /* view */ = {
			isa = PBXGroup;
			children = (
				6C50DC012EBCDB64001BD2AE /* LoginView.swift */,
				6C50DBFF2EBCDA28001BD2AE /* SignUp.swift */,
				B41D40752EB7B0BE008827BC /* ContentView.swift */,
				28B58C552EB7C88800A09A83 /* HomeView.swift */,
				28B58C572EB7CA4800A09A83 /* PackOpeningView.swift */,
				287A793E2EB9969D006025EB /* NavigationButton.swift */,
				6C50DC282EBE419C001BD2AE /* AuthManager.swift */,
				B42C752B2ECCB0840048A37C /* CardView.swift */,
				6C364CB62ECFC3B60022EFB4 /* SettingsView.swift */,
				6C364CBA2ED1240D0022EFB4 /* CardViewModel.swift */,
				6C364D1C2ED218820022EFB4 /* HomeViewModel.swift */,
			);
			path = view;
			sourceTree = "<group>";
		};
/* End PBXGroup section */

/* Begin PBXNativeTarget section */
		B41D406F2EB7B0BD008827BC /* prjTradingCard */ = {
			isa = PBXNativeTarget;
			buildConfigurationList = B41D407E2EB7B0C0008827BC /* Build configuration list for PBXNativeTarget "prjTradingCard" */;
			buildPhases = (
				B41D406C2EB7B0BD008827BC /* Sources */,
				B41D406D2EB7B0BD008827BC /* Frameworks */,
				B41D406E2EB7B0BD008827BC /* Resources */,
			);
			buildRules = (
			);
			dependencies = (
			);
			name = prjTradingCard;
			packageProductDependencies = (
			);
			productName = prjTradingCard;
			productReference = B41D40702EB7B0BD008827BC /* prjTradingCard.app */;
			productType = "com.apple.product-type.application";
		};
/* End PBXNativeTarget section */

/* Begin PBXProject section */
		B41D40682EB7B0BD008827BC /* Project object */ = {
			isa = PBXProject;
			attributes = {
				BuildIndependentTargetsInParallel = 1;
				LastSwiftUpdateCheck = 1420;
				LastUpgradeCheck = 1420;
				TargetAttributes = {
					B41D406F2EB7B0BD008827BC = {
						CreatedOnToolsVersion = 14.2;
					};
				};
			};
			buildConfigurationList = B41D406B2EB7B0BD008827BC /* Build configuration list for PBXProject "prjTradingCard" */;
			compatibilityVersion = "Xcode 14.0";
			developmentRegion = en;
			hasScannedForEncodings = 0;
			knownRegions = (
				en,
				Base,
			);
			mainGroup = B41D40672EB7B0BD008827BC;
			packageReferences = (
				6C364CB52ECFB9FF0022EFB4 /* XCRemoteSwiftPackageReference "firebase-ios-sdk" */,
			);
			productRefGroup = B41D40712EB7B0BD008827BC /* Products */;
			projectDirPath = "";
			projectRoot = "";
			targets = (
				B41D406F2EB7B0BD008827BC /* prjTradingCard */,
			);
		};
/* End PBXProject section */

/* Begin PBXResourcesBuildPhase section */
		B41D406E2EB7B0BD008827BC /* Resources */ = {
			isa = PBXResourcesBuildPhase;
			buildActionMask = 2147483647;
			files = (
				B41D407B2EB7B0C0008827BC /* Preview Assets.xcassets in Resources */,
				B41D40782EB7B0C0008827BC /* Assets.xcassets in Resources */,
				6CC3B8902EB7CE5E00892B3C /* GoogleService-Info.plist in Resources */,
			);
			runOnlyForDeploymentPostprocessing = 0;
		};
/* End PBXResourcesBuildPhase section */

/* Begin PBXSourcesBuildPhase section */
		B41D406C2EB7B0BD008827BC /* Sources */ = {
			isa = PBXSourcesBuildPhase;
			buildActionMask = 2147483647;
			files = (
				6C364D1D2ED218820022EFB4 /* HomeViewModel.swift in Sources */,
				6C50DC002EBCDA44001BD2AE /* SignUp.swift in Sources */,
				B41D40762EB7B0BE008827BC /* ContentView.swift in Sources */,
				28B58C562EB7C88800A09A83 /* HomeView.swift in Sources */,
				6C364CBB2ED1240D0022EFB4 /* CardViewModel.swift in Sources */,
				B42C752C2ECCB0840048A37C /* CardView.swift in Sources */,
				287A793F2EB9969D006025EB /* NavigationButton.swift in Sources */,
				28B58C582EB7CA4900A09A83 /* PackOpeningView.swift in Sources */,
				28C83D0A2EC16C6100026431 /* PackData.swift in Sources */,
				6C364CBD2ED124570022EFB4 /* Theme.swift in Sources */,
				B4E868572EB7C1B200ABC8D0 /* User.swift in Sources */,
				6C364CB72ECFC3B60022EFB4 /* SettingsView.swift in Sources */,
				B41D40742EB7B0BD008827BC /* prjTradingCardApp.swift in Sources */,
				B4E8685B2EB7C49000ABC8D0 /* UserCollection.swift in Sources */,
				B4E868592EB7C22E00ABC8D0 /* Card.swift in Sources */,
				6C50DC022EBCDB72001BD2AE /* LoginView.swift in Sources */,
				B4E8685D2EB7C4CC00ABC8D0 /* UserNotification.swift in Sources */,
				6C50DC292EBE419C001BD2AE /* AuthManager.swift in Sources */,
			);
			runOnlyForDeploymentPostprocessing = 0;
		};
/* End PBXSourcesBuildPhase section */

/* Begin XCBuildConfiguration section */
		B41D407C2EB7B0C0008827BC /* Debug */ = {
			isa = XCBuildConfiguration;
			buildSettings = {
				ALWAYS_SEARCH_USER_PATHS = NO;
				CLANG_ANALYZER_NONNULL = YES;
				CLANG_ANALYZER_NUMBER_OBJECT_CONVERSION = YES_AGGRESSIVE;
				CLANG_CXX_LANGUAGE_STANDARD = "gnu++20";
				CLANG_ENABLE_MODULES = YES;
				CLANG_ENABLE_OBJC_ARC = YES;
				CLANG_ENABLE_OBJC_WEAK = YES;
				CLANG_WARN_BLOCK_CAPTURE_AUTORELEASING = YES;
				CLANG_WARN_BOOL_CONVERSION = YES;
				CLANG_WARN_COMMA = YES;
				CLANG_WARN_CONSTANT_CONVERSION = YES;
				CLANG_WARN_DEPRECATED_OBJC_IMPLEMENTATIONS = YES;
				CLANG_WARN_DIRECT_OBJC_ISA_USAGE = YES_ERROR;
				CLANG_WARN_DOCUMENTATION_COMMENTS = YES;
				CLANG_WARN_EMPTY_BODY = YES;
				CLANG_WARN_ENUM_CONVERSION = YES;
				CLANG_WARN_INFINITE_RECURSION = YES;
				CLANG_WARN_INT_CONVERSION = YES;
				CLANG_WARN_NON_LITERAL_NULL_CONVERSION = YES;
				CLANG_WARN_OBJC_IMPLICIT_RETAIN_SELF = YES;
				CLANG_WARN_OBJC_LITERAL_CONVERSION = YES;
				CLANG_WARN_OBJC_ROOT_CLASS = YES_ERROR;
				CLANG_WARN_QUOTED_INCLUDE_IN_FRAMEWORK_HEADER = YES;
				CLANG_WARN_RANGE_LOOP_ANALYSIS = YES;
				CLANG_WARN_STRICT_PROTOTYPES = YES;
				CLANG_WARN_SUSPICIOUS_MOVE = YES;
				CLANG_WARN_UNGUARDED_AVAILABILITY = YES_AGGRESSIVE;
				CLANG_WARN_UNREACHABLE_CODE = YES;
				CLANG_WARN__DUPLICATE_METHOD_MATCH = YES;
				COPY_PHASE_STRIP = NO;
				DEBUG_INFORMATION_FORMAT = dwarf;
				ENABLE_STRICT_OBJC_MSGSEND = YES;
				ENABLE_TESTABILITY = YES;
				GCC_C_LANGUAGE_STANDARD = gnu11;
				GCC_DYNAMIC_NO_PIC = NO;
				GCC_NO_COMMON_BLOCKS = YES;
				GCC_OPTIMIZATION_LEVEL = 0;
				GCC_PREPROCESSOR_DEFINITIONS = (
					"DEBUG=1",
					"$(inherited)",
				);
				GCC_WARN_64_TO_32_BIT_CONVERSION = YES;
				GCC_WARN_ABOUT_RETURN_TYPE = YES_ERROR;
				GCC_WARN_UNDECLARED_SELECTOR = YES;
				GCC_WARN_UNINITIALIZED_AUTOS = YES_AGGRESSIVE;
				GCC_WARN_UNUSED_FUNCTION = YES;
				GCC_WARN_UNUSED_VARIABLE = YES;
				IPHONEOS_DEPLOYMENT_TARGET = 16.2;
				MTL_ENABLE_DEBUG_INFO = INCLUDE_SOURCE;
				MTL_FAST_MATH = YES;
				ONLY_ACTIVE_ARCH = YES;
				SDKROOT = iphoneos;
				SWIFT_ACTIVE_COMPILATION_CONDITIONS = DEBUG;
				SWIFT_OPTIMIZATION_LEVEL = "-Onone";
			};
			name = Debug;
		};
		B41D407D2EB7B0C0008827BC /* Release */ = {
			isa = XCBuildConfiguration;
			buildSettings = {
				ALWAYS_SEARCH_USER_PATHS = NO;
				CLANG_ANALYZER_NONNULL = YES;
				CLANG_ANALYZER_NUMBER_OBJECT_CONVERSION = YES_AGGRESSIVE;
				CLANG_CXX_LANGUAGE_STANDARD = "gnu++20";
				CLANG_ENABLE_MODULES = YES;
				CLANG_ENABLE_OBJC_ARC = YES;
				CLANG_ENABLE_OBJC_WEAK = YES;
				CLANG_WARN_BLOCK_CAPTURE_AUTORELEASING = YES;
				CLANG_WARN_BOOL_CONVERSION = YES;
				CLANG_WARN_COMMA = YES;
				CLANG_WARN_CONSTANT_CONVERSION = YES;
				CLANG_WARN_DEPRECATED_OBJC_IMPLEMENTATIONS = YES;
				CLANG_WARN_DIRECT_OBJC_ISA_USAGE = YES_ERROR;
				CLANG_WARN_DOCUMENTATION_COMMENTS = YES;
				CLANG_WARN_EMPTY_BODY = YES;
				CLANG_WARN_ENUM_CONVERSION = YES;
				CLANG_WARN_INFINITE_RECURSION = YES;
				CLANG_WARN_INT_CONVERSION = YES;
				CLANG_WARN_NON_LITERAL_NULL_CONVERSION = YES;
				CLANG_WARN_OBJC_IMPLICIT_RETAIN_SELF = YES;
				CLANG_WARN_OBJC_LITERAL_CONVERSION = YES;
				CLANG_WARN_OBJC_ROOT_CLASS = YES_ERROR;
				CLANG_WARN_QUOTED_INCLUDE_IN_FRAMEWORK_HEADER = YES;
				CLANG_WARN_RANGE_LOOP_ANALYSIS = YES;
				CLANG_WARN_STRICT_PROTOTYPES = YES;
				CLANG_WARN_SUSPICIOUS_MOVE = YES;
				CLANG_WARN_UNGUARDED_AVAILABILITY = YES_AGGRESSIVE;
				CLANG_WARN_UNREACHABLE_CODE = YES;
				CLANG_WARN__DUPLICATE_METHOD_MATCH = YES;
				COPY_PHASE_STRIP = NO;
				DEBUG_INFORMATION_FORMAT = "dwarf-with-dsym";
				ENABLE_NS_ASSERTIONS = NO;
				ENABLE_STRICT_OBJC_MSGSEND = YES;
				GCC_C_LANGUAGE_STANDARD = gnu11;
				GCC_NO_COMMON_BLOCKS = YES;
				GCC_WARN_64_TO_32_BIT_CONVERSION = YES;
				GCC_WARN_ABOUT_RETURN_TYPE = YES_ERROR;
				GCC_WARN_UNDECLARED_SELECTOR = YES;
				GCC_WARN_UNINITIALIZED_AUTOS = YES_AGGRESSIVE;
				GCC_WARN_UNUSED_FUNCTION = YES;
				GCC_WARN_UNUSED_VARIABLE = YES;
				IPHONEOS_DEPLOYMENT_TARGET = 16.2;
				MTL_ENABLE_DEBUG_INFO = NO;
				MTL_FAST_MATH = YES;
				SDKROOT = iphoneos;
				SWIFT_COMPILATION_MODE = wholemodule;
				SWIFT_OPTIMIZATION_LEVEL = "-O";
				VALIDATE_PRODUCT = YES;
			};
			name = Release;
		};
		B41D407F2EB7B0C0008827BC /* Debug */ = {
			isa = XCBuildConfiguration;
			buildSettings = {
				ASSETCATALOG_COMPILER_APPICON_NAME = AppIcon;
				ASSETCATALOG_COMPILER_GLOBAL_ACCENT_COLOR_NAME = AccentColor;
				CODE_SIGN_STYLE = Automatic;
				CURRENT_PROJECT_VERSION = 1;
				DEVELOPMENT_ASSET_PATHS = "\"prjTradingCard/Preview Content\"";
				ENABLE_PREVIEWS = YES;
				GENERATE_INFOPLIST_FILE = YES;
				INFOPLIST_KEY_UIApplicationSceneManifest_Generation = YES;
				INFOPLIST_KEY_UIApplicationSupportsIndirectInputEvents = YES;
				INFOPLIST_KEY_UILaunchScreen_Generation = YES;
				INFOPLIST_KEY_UISupportedInterfaceOrientations_iPad = "UIInterfaceOrientationPortrait UIInterfaceOrientationPortraitUpsideDown UIInterfaceOrientationLandscapeLeft UIInterfaceOrientationLandscapeRight";
				INFOPLIST_KEY_UISupportedInterfaceOrientations_iPhone = "UIInterfaceOrientationPortrait UIInterfaceOrientationLandscapeLeft UIInterfaceOrientationLandscapeRight";
				LD_RUNPATH_SEARCH_PATHS = (
					"$(inherited)",
					"@executable_path/Frameworks",
				);
				MARKETING_VERSION = 1.0;
				PRODUCT_BUNDLE_IDENTIFIER = com.huy.prjTradingCard;
				PRODUCT_NAME = "$(TARGET_NAME)";
				SWIFT_EMIT_LOC_STRINGS = YES;
				SWIFT_VERSION = 5.0;
				TARGETED_DEVICE_FAMILY = "1,2";
			};
			name = Debug;
		};
		B41D40802EB7B0C0008827BC /* Release */ = {
			isa = XCBuildConfiguration;
			buildSettings = {
				ASSETCATALOG_COMPILER_APPICON_NAME = AppIcon;
				ASSETCATALOG_COMPILER_GLOBAL_ACCENT_COLOR_NAME = AccentColor;
				CODE_SIGN_STYLE = Automatic;
				CURRENT_PROJECT_VERSION = 1;
				DEVELOPMENT_ASSET_PATHS = "\"prjTradingCard/Preview Content\"";
				ENABLE_PREVIEWS = YES;
				GENERATE_INFOPLIST_FILE = YES;
				INFOPLIST_KEY_UIApplicationSceneManifest_Generation = YES;
				INFOPLIST_KEY_UIApplicationSupportsIndirectInputEvents = YES;
				INFOPLIST_KEY_UILaunchScreen_Generation = YES;
				INFOPLIST_KEY_UISupportedInterfaceOrientations_iPad = "UIInterfaceOrientationPortrait UIInterfaceOrientationPortraitUpsideDown UIInterfaceOrientationLandscapeLeft UIInterfaceOrientationLandscapeRight";
				INFOPLIST_KEY_UISupportedInterfaceOrientations_iPhone = "UIInterfaceOrientationPortrait UIInterfaceOrientationLandscapeLeft UIInterfaceOrientationLandscapeRight";
				LD_RUNPATH_SEARCH_PATHS = (
					"$(inherited)",
					"@executable_path/Frameworks",
				);
				MARKETING_VERSION = 1.0;
				PRODUCT_BUNDLE_IDENTIFIER = com.huy.prjTradingCard;
				PRODUCT_NAME = "$(TARGET_NAME)";
				SWIFT_EMIT_LOC_STRINGS = YES;
				SWIFT_VERSION = 5.0;
				TARGETED_DEVICE_FAMILY = "1,2";
			};
			name = Release;
		};
/* End XCBuildConfiguration section */

/* Begin XCConfigurationList section */
		B41D406B2EB7B0BD008827BC /* Build configuration list for PBXProject "prjTradingCard" */ = {
			isa = XCConfigurationList;
			buildConfigurations = (
				B41D407C2EB7B0C0008827BC /* Debug */,
				B41D407D2EB7B0C0008827BC /* Release */,
			);
			defaultConfigurationIsVisible = 0;
			defaultConfigurationName = Release;
		};
		B41D407E2EB7B0C0008827BC /* Build configuration list for PBXNativeTarget "prjTradingCard" */ = {
			isa = XCConfigurationList;
			buildConfigurations = (
				B41D407F2EB7B0C0008827BC /* Debug */,
				B41D40802EB7B0C0008827BC /* Release */,
			);
			defaultConfigurationIsVisible = 0;
			defaultConfigurationName = Release;
		};
/* End XCConfigurationList section */

/* Begin XCRemoteSwiftPackageReference section */
		6C364CB52ECFB9FF0022EFB4 /* XCRemoteSwiftPackageReference "firebase-ios-sdk" */ = {
			isa = XCRemoteSwiftPackageReference;
			repositoryURL = "https://github.com/firebase/firebase-ios-sdk";
			requirement = {
				kind = upToNextMajorVersion;
				minimumVersion = 12.6.0;
			};
		};
		6CC3B8912EB7CF2C00892B3C /* XCRemoteSwiftPackageReference "firebase-ios-sdk" */ = {
			isa = XCRemoteSwiftPackageReference;
			repositoryURL = "https://github.com/firebase/firebase-ios-sdk";
			requirement = {
				kind = exactVersion;
				version = 10.15.0;
			};
		};
/* End XCRemoteSwiftPackageReference section */

/* Begin XCSwiftPackageProductDependency section */
		6CC3B8952EB7D00E00892B3C /* FirebaseAuth */ = {
			isa = XCSwiftPackageProductDependency;
			package = 6CC3B8912EB7CF2C00892B3C /* XCRemoteSwiftPackageReference "firebase-ios-sdk" */;
			productName = FirebaseAuth;
		};
		6CC3B8972EB7D01600892B3C /* FirebaseFirestore */ = {
			isa = XCSwiftPackageProductDependency;
			package = 6CC3B8912EB7CF2C00892B3C /* XCRemoteSwiftPackageReference "firebase-ios-sdk" */;
			productName = FirebaseFirestore;
		};
/* End XCSwiftPackageProductDependency section */
	};
	rootObject = B41D40682EB7B0BD008827BC /* Project object */;
}
